
Microsoft Visual Studio Solution File, Format Version 12.00
# Visual Studio Version 17
VisualStudioVersion = 17.6.33829.357
MinimumVisualStudioVersion = 10.0.40219.1
Project("{FAE04EC0-301F-11D3-BF4B-00C04F79EFBC}") = "Universal_Task", "Universal_Task\Universal_Task.csproj", "{BEF4F50A-D766-43C6-91AF-8E1DE11E5630}"
EndProject
Global
	GlobalSection(SolutionConfigurationPlatforms) = preSolution
		Debug|Any CPU = Debug|Any CPU
		Release|Any CPU = Release|Any CPU
	EndGlobalSection
	GlobalSection(ProjectConfigurationPlatforms) = postSolution
		{BEF4F50A-D766-43C6-91AF-8E1DE11E5630}.Debug|Any CPU.ActiveCfg = Debug|Any CPU
		{BEF4F50A-D766-43C6-91AF-8E1DE11E5630}.Debug|Any CPU.Build.0 = Debug|Any CPU
		{BEF4F50A-D766-43C6-91AF-8E1DE11E5630}.Release|Any CPU.ActiveCfg = Release|Any CPU
		{BEF4F50A-D766-43C6-91AF-8E1DE11E5630}.Release|Any CPU.Build.0 = Release|Any CPU
	EndGlobalSection
	GlobalSection(SolutionProperties) = preSolution
		HideSolutionNode = FALSE
	EndGlobalSection
	GlobalSection(ExtensibilityGlobals) = postSolution
		SolutionGuid = {4AA9D7BA-D4A1-495F-A35B-A31A50BC7AD6}
	EndGlobalSection
EndGlobal
